
Microsoft Visual Studio Solution File, Format Version 12.00
# Visual Studio Version 16
VisualStudioVersion = 16.0.30804.86
MinimumVisualStudioVersion = 10.0.40219.1
Project("{FAE04EC0-301F-11D3-BF4B-00C04F79EFBC}") = "jsonHandler", "jsonHandler\jsonHandler.csproj", "{F588CBF1-EBA9-4D7B-872F-A27330635897}"
EndProject
Project("{FAE04EC0-301F-11D3-BF4B-00C04F79EFBC}") = "testApp", "testApp\testApp.csproj", "{BD4216C9-D556-4D1A-9979-7798ABD9740F}"
EndProject
Global
	GlobalSection(SolutionConfigurationPlatforms) = preSolution
		Debug|Any CPU = Debug|Any CPU
		Release|Any CPU = Release|Any CPU
	EndGlobalSection
	GlobalSection(ProjectConfigurationPlatforms) = postSolution
		{F588CBF1-EBA9-4D7B-872F-A27330635897}.Debug|Any CPU.ActiveCfg = Debug|Any CPU
		{F588CBF1-EBA9-4D7B-872F-A27330635897}.Debug|Any CPU.Build.0 = Debug|Any CPU
		{F588CBF1-EBA9-4D7B-872F-A27330635897}.Release|Any CPU.ActiveCfg = Release|Any CPU
		{F588CBF1-EBA9-4D7B-872F-A27330635897}.Release|Any CPU.Build.0 = Release|Any CPU
		{BD4216C9-D556-4D1A-9979-7798ABD9740F}.Debug|Any CPU.ActiveCfg = Debug|Any CPU
		{BD4216C9-D556-4D1A-9979-7798ABD9740F}.Debug|Any CPU.Build.0 = Debug|Any CPU
		{BD4216C9-D556-4D1A-9979-7798ABD9740F}.Release|Any CPU.ActiveCfg = Release|Any CPU
		{BD4216C9-D556-4D1A-9979-7798ABD9740F}.Release|Any CPU.Build.0 = Release|Any CPU
	EndGlobalSection
	GlobalSection(SolutionProperties) = preSolution
		HideSolutionNode = FALSE
	EndGlobalSection
	GlobalSection(ExtensibilityGlobals) = postSolution
		SolutionGuid = {0017EA41-1462-4092-B541-65F2A99B079C}
	EndGlobalSection
EndGlobal
